
Microsoft Visual Studio Solution File, Format Version 12.00
# Visual Studio Version 17
VisualStudioVersion = 17.4.33205.214
MinimumVisualStudioVersion = 10.0.40219.1
Project("{FAE04EC0-301F-11D3-BF4B-00C04F79EFBC}") = "çarpımtablos", "çarpımtablos.csproj", "{47420A1A-40C3-4C03-B38B-1CDC16AE391A}"
EndProject
Global
	GlobalSection(SolutionConfigurationPlatforms) = preSolution
		Debug|Any CPU = Debug|Any CPU
		Release|Any CPU = Release|Any CPU
	EndGlobalSection
	GlobalSection(ProjectConfigurationPlatforms) = postSolution
		{47420A1A-40C3-4C03-B38B-1CDC16AE391A}.Debug|Any CPU.ActiveCfg = Debug|Any CPU
		{47420A1A-40C3-4C03-B38B-1CDC16AE391A}.Debug|Any CPU.Build.0 = Debug|Any CPU
		{47420A1A-40C3-4C03-B38B-1CDC16AE391A}.Release|Any CPU.ActiveCfg = Release|Any CPU
		{47420A1A-40C3-4C03-B38B-1CDC16AE391A}.Release|Any CPU.Build.0 = Release|Any CPU
	EndGlobalSection
	GlobalSection(SolutionProperties) = preSolution
		HideSolutionNode = FALSE
	EndGlobalSection
	GlobalSection(ExtensibilityGlobals) = postSolution
		SolutionGuid = {89CBB4C2-2CC8-4089-BB14-26494A5CD715}
	EndGlobalSection
EndGlobal
